{
    "name": "movies-api",
    "version": "1.0.0",
    "lockfileVersion": 3,
    "requires": true,
    "packages": {
        "": {
            "name": "movies-api",
            "version": "1.0.0",
            "dependencies": {
                "@nestjs/common": "^11.0.0",
                "@nestjs/core": "^11.0.0",
                "@nestjs/platform-express": "^11.0.0",
                "reflect-metadata": "^0.2.0",
                "rxjs": "^7.8.1",
                "@nestjs/config": "^4.0.0",
                "@nestjs/mapped-types": "*",
                "@nestjs/typeorm": "^11.0.0",
                "pg": "^8.18.0",
                "typeorm": "^0.3.28",
                "@nestjs/swagger": "^11.0.0",
                "swagger-ui-express": "^5.0.0"
            }
        }
    },
    "dependencies": {}
}